
Microsoft Visual Studio Solution File, Format Version 12.00
# Visual Studio 2012
Project("{FAE04EC0-301F-11D3-BF4B-00C04F79EFBC}") = "WFS210.UI", "WFS210.UI\WFS210.UI.csproj", "{70236110-F85F-4A01-8AE8-53D6459AD1F6}"
EndProject
Project("{D954291E-2A0B-460D-934E-DC6B0785DB48}") = "WFS210", "test\WFS210.shproj", "{66EA57F7-03B0-4B76-890E-EBC94B3091EA}"
EndProject
Project("{D954291E-2A0B-460D-934E-DC6B0785DB48}") = "WFS210.IO", "WFS210.IO\WFS210.IO.shproj", "{60F54F6C-7AD9-41C2-B6CE-5FE454189800}"
EndProject
Project("{D954291E-2A0B-460D-934E-DC6B0785DB48}") = "WFS210.Services", "WFS210.Services\WFS210.Services.shproj", "{52267BC7-1B46-400E-9C5E-3FD2CDD00EA4}"
EndProject
Global
	GlobalSection(SolutionConfigurationPlatforms) = preSolution
		Debug|iPhoneSimulator = Debug|iPhoneSimulator
		Release|iPhoneSimulator = Release|iPhoneSimulator
		Debug|iPhone = Debug|iPhone
		Release|iPhone = Release|iPhone
		Ad-Hoc|iPhone = Ad-Hoc|iPhone
		AppStore|iPhone = AppStore|iPhone
	EndGlobalSection
	GlobalSection(ProjectConfigurationPlatforms) = postSolution
		{70236110-F85F-4A01-8AE8-53D6459AD1F6}.Ad-Hoc|iPhone.ActiveCfg = Ad-Hoc|iPhone
		{70236110-F85F-4A01-8AE8-53D6459AD1F6}.Ad-Hoc|iPhone.Build.0 = Ad-Hoc|iPhone
		{70236110-F85F-4A01-8AE8-53D6459AD1F6}.AppStore|iPhone.ActiveCfg = AppStore|iPhone
		{70236110-F85F-4A01-8AE8-53D6459AD1F6}.AppStore|iPhone.Build.0 = AppStore|iPhone
		{70236110-F85F-4A01-8AE8-53D6459AD1F6}.Debug|iPhone.ActiveCfg = Debug|iPhone
		{70236110-F85F-4A01-8AE8-53D6459AD1F6}.Debug|iPhone.Build.0 = Debug|iPhone
		{70236110-F85F-4A01-8AE8-53D6459AD1F6}.Debug|iPhoneSimulator.ActiveCfg = Debug|iPhoneSimulator
		{70236110-F85F-4A01-8AE8-53D6459AD1F6}.Debug|iPhoneSimulator.Build.0 = Debug|iPhoneSimulator
		{70236110-F85F-4A01-8AE8-53D6459AD1F6}.Release|iPhone.ActiveCfg = Release|iPhone
		{70236110-F85F-4A01-8AE8-53D6459AD1F6}.Release|iPhone.Build.0 = Release|iPhone
		{70236110-F85F-4A01-8AE8-53D6459AD1F6}.Release|iPhoneSimulator.ActiveCfg = Release|iPhoneSimulator
		{70236110-F85F-4A01-8AE8-53D6459AD1F6}.Release|iPhoneSimulator.Build.0 = Release|iPhoneSimulator
	EndGlobalSection
	GlobalSection(MonoDevelopProperties) = preSolution
		StartupItem = WFS210.UI\WFS210.UI.csproj
	EndGlobalSection
EndGlobal
